
Microsoft Visual Studio Solution File, Format Version 12.00
# Visual Studio Version 16
VisualStudioVersion = 16.0.28917.182
MinimumVisualStudioVersion = 10.0.40219.1
Project("{FAE04EC0-301F-11D3-BF4B-00C04F79EFBC}") = "Connor", "Connor.csproj", "{58AA1FD5-CBB1-4940-A729-C81DD60A98D3}"
EndProject
Global
	GlobalSection(SolutionConfigurationPlatforms) = preSolution
		Debug|Any CPU = Debug|Any CPU
		Release|Any CPU = Release|Any CPU
	EndGlobalSection
	GlobalSection(ProjectConfigurationPlatforms) = postSolution
		{58AA1FD5-CBB1-4940-A729-C81DD60A98D3}.Debug|Any CPU.ActiveCfg = Debug|Any CPU
		{58AA1FD5-CBB1-4940-A729-C81DD60A98D3}.Debug|Any CPU.Build.0 = Debug|Any CPU
		{58AA1FD5-CBB1-4940-A729-C81DD60A98D3}.Release|Any CPU.ActiveCfg = Release|Any CPU
		{58AA1FD5-CBB1-4940-A729-C81DD60A98D3}.Release|Any CPU.Build.0 = Release|Any CPU
	EndGlobalSection
	GlobalSection(SolutionProperties) = preSolution
		HideSolutionNode = FALSE
	EndGlobalSection
	GlobalSection(ExtensibilityGlobals) = postSolution
		SolutionGuid = {8A6BB8E4-75B5-44B5-B967-CFF47C061CF0}
	EndGlobalSection
EndGlobal
